#MicroXplorer Configuration settings - do not modify
Mcu.Family=STM32F1
RCC.PLLSourceVirtual=RCC_PLLSOURCE_HSE
ProjectManager.MainLocation=Core/Src
RCC.MCOFreq_Value=8000000
ProjectManager.ProjectFileName=Scrapheap.ioc
ProjectManager.KeepUserCode=true
Mcu.UserName=STM32F103ZETx
Mcu.PinsNb=16
ProjectManager.NoMain=false
TIM1.IPParameters=Prescaler
RCC.PLLCLKFreq_Value=72000000
PC7.Locked=true
ProjectManager.functionlistsort=1-MX_GPIO_Init-GPIO-false-HAL-true,2-SystemClock_Config-RCC-false-HAL-false,3-MX_TIM1_Init-TIM1-false-HAL-true
RCC.ADCFreqValue=4000000
ProjectManager.DefaultFWLocation=true
ProjectManager.DeletePrevious=true
RCC.APB1CLKDivider=RCC_HCLK_DIV2
PinOutPanel.RotationAngle=0
RCC.FamilyName=M
RCC.I2S3Freq_Value=8000000
PE5.GPIOParameters=GPIO_PuPd
ProjectManager.StackSize=0x400
PA13.Signal=SYS_JTMS-SWDIO
RCC.FCLKCortexFreq_Value=8000000
NVIC.SVCall_IRQn=true\:0\:0\:false\:false\:true\:false\:false
Mcu.IP2=SYS
RCC.SDIOHCLKDiv2FreqValue=4000000
Mcu.IP3=TIM1
Mcu.IP0=NVIC
Mcu.IP1=RCC
PE4.GPIOParameters=GPIO_PuPd
TIM1.Prescaler=800
Mcu.UserConstants=
PE5.GPIO_PuPd=GPIO_PULLUP
ProjectManager.TargetToolchain=STM32CubeIDE
Mcu.ThirdPartyNb=0
RCC.SDIOFreq_Value=8000000
RCC.HCLKFreq_Value=8000000
Mcu.IPNb=4
ProjectManager.PreviousToolchain=STM32CubeIDE
RCC.APB2TimFreq_Value=8000000
VP_TIM1_VS_ClockSourceINT.Signal=TIM1_VS_ClockSourceINT
PC7.Signal=GPIO_Output
PE4.Locked=true
PB9.Locked=true
Mcu.Pin6=OSC_OUT
PE2.GPIOParameters=GPIO_PuPd
Mcu.Pin7=PC7
ProjectManager.RegisterCallBack=
OSC_IN.Signal=RCC_OSC_IN
PE5.Signal=GPIO_Input
Mcu.Pin8=PA13
PE0.Locked=true
RCC.USBFreq_Value=72000000
OSC_OUT.Mode=HSE-External-Oscillator
Mcu.Pin9=PA14
PE1.Signal=GPIO_Output
OSC_OUT.Signal=RCC_OSC_OUT
RCC.AHBFreq_Value=8000000
Mcu.Pin0=PE2
Mcu.Pin1=PE3
GPIO.groupedBy=Group By Peripherals
Mcu.Pin2=PE4
Mcu.Pin3=PE5
Mcu.Pin4=PE6
Mcu.Pin5=OSC_IN
PE2.GPIO_PuPd=GPIO_PULLUP
ProjectManager.ProjectBuild=false
RCC.HSE_VALUE=16000000
NVIC.UsageFault_IRQn=true\:0\:0\:false\:false\:true\:false\:false
NVIC.DebugMonitor_IRQn=true\:0\:0\:false\:false\:true\:false\:false
board=custom
NVIC.SysTick_IRQn=true\:0\:0\:false\:false\:true\:false\:true
ProjectManager.LastFirmware=true
RCC.PLLMUL=RCC_PLL_MUL9
RCC.VCOOutput2Freq_Value=8000000
ProjectManager.FirmwarePackage=STM32Cube FW_F1 V1.8.4
MxDb.Version=DB.6.0.0
RCC.APB2Freq_Value=8000000
ProjectManager.BackupPrevious=false
MxCube.Version=6.0.0
PA14.Mode=Serial_Wire
File.Version=6
VP_SYS_VS_Systick.Mode=SysTick
PE3.GPIOParameters=GPIO_PuPd
PE3.GPIO_PuPd=GPIO_PULLUP
PE2.Signal=GPIO_Input
PE3.Locked=true
PB8.Locked=true
NVIC.NonMaskableInt_IRQn=true\:0\:0\:false\:false\:true\:false\:false
PE1.Locked=true
PE5.Locked=true
NVIC.PendSV_IRQn=true\:0\:0\:false\:false\:true\:false\:false
PE6.Signal=GPIO_Input
PA13.Mode=Serial_Wire
ProjectManager.FreePins=false
RCC.IPParameters=ADCFreqValue,AHBFreq_Value,APB1CLKDivider,APB1Freq_Value,APB1TimFreq_Value,APB2Freq_Value,APB2TimFreq_Value,FCLKCortexFreq_Value,FSMCFreq_Value,FamilyName,HCLKFreq_Value,HSEDivPLL,HSE_VALUE,I2S2Freq_Value,I2S3Freq_Value,MCOFreq_Value,PLLCLKFreq_Value,PLLMCOFreq_Value,PLLMUL,PLLSourceVirtual,SDIOFreq_Value,SDIOHCLKDiv2FreqValue,SYSCLKFreq_VALUE,TimSysFreq_Value,USBFreq_Value,VCOOutput2Freq_Value
PE4.Signal=GPIO_Output
ProjectManager.AskForMigrate=true
Mcu.Name=STM32F103Z(C-D-E)Tx
PE6.GPIOParameters=GPIO_PuPd
PE0.Signal=GPIO_Output
ProjectManager.HalAssertFull=false
VP_TIM1_VS_ClockSourceINT.Mode=Internal
ProjectManager.ProjectName=Scrapheap
ProjectManager.UnderRoot=true
PE4.GPIO_PuPd=GPIO_PULLDOWN
RCC.FSMCFreq_Value=8000000
RCC.PLLMCOFreq_Value=36000000
ProjectManager.CoupleFile=false
RCC.SYSCLKFreq_VALUE=8000000
Mcu.Package=LQFP144
PB9.Signal=GPIO_Output
RCC.TimSysFreq_Value=8000000
RCC.I2S2Freq_Value=8000000
NVIC.ForceEnableDMAVector=true
KeepUserPlacement=false
OSC_IN.Mode=HSE-External-Oscillator
RCC.HSEDivPLL=RCC_HSE_PREDIV_DIV2
NVIC.MemoryManagement_IRQn=true\:0\:0\:false\:false\:true\:false\:false
PA14.Locked=true
PA13.Locked=true
ProjectManager.CompilerOptimize=6
ProjectManager.ToolChainLocation=
VP_SYS_VS_Systick.Signal=SYS_VS_Systick
PA14.Signal=SYS_JTCK-SWCLK
ProjectManager.HeapSize=0x200
Mcu.Pin15=VP_TIM1_VS_ClockSourceINT
NVIC.HardFault_IRQn=true\:0\:0\:false\:false\:true\:false\:false
Mcu.Pin13=PE1
Mcu.Pin14=VP_SYS_VS_Systick
ProjectManager.ComputerToolchain=false
NVIC.PriorityGroup=NVIC_PRIORITYGROUP_4
Mcu.Pin11=PB9
Mcu.Pin12=PE0
Mcu.Pin10=PB8
RCC.APB1TimFreq_Value=8000000
PB8.Signal=GPIO_Output
PE2.Locked=true
PE3.Signal=GPIO_Input
NVIC.BusFault_IRQn=true\:0\:0\:false\:false\:true\:false\:false
PE6.Locked=true
RCC.APB1Freq_Value=4000000
PE6.GPIO_PuPd=GPIO_PULLUP
ProjectManager.CustomerFirmwarePackage=
ProjectManager.DeviceId=STM32F103ZETx
ProjectManager.LibraryCopy=1
isbadioc=false
